
Microsoft Visual Studio Solution File, Format Version 12.00
# Visual Studio 15
VisualStudioVersion = 15.0.28307.852
MinimumVisualStudioVersion = 10.0.40219.1
Project("{FAE04EC0-301F-11D3-BF4B-00C04F79EFBC}") = "ShutDown_Restart", "ShutDown_Restart\ShutDown_Restart.csproj", "{EA26D76C-0BF1-40CE-9274-E44F1597136D}"
EndProject
Global
	GlobalSection(SolutionConfigurationPlatforms) = preSolution
		Debug|Any CPU = Debug|Any CPU
		Release|Any CPU = Release|Any CPU
	EndGlobalSection
	GlobalSection(ProjectConfigurationPlatforms) = postSolution
		{EA26D76C-0BF1-40CE-9274-E44F1597136D}.Debug|Any CPU.ActiveCfg = Debug|Any CPU
		{EA26D76C-0BF1-40CE-9274-E44F1597136D}.Debug|Any CPU.Build.0 = Debug|Any CPU
		{EA26D76C-0BF1-40CE-9274-E44F1597136D}.Release|Any CPU.ActiveCfg = Release|Any CPU
		{EA26D76C-0BF1-40CE-9274-E44F1597136D}.Release|Any CPU.Build.0 = Release|Any CPU
	EndGlobalSection
	GlobalSection(SolutionProperties) = preSolution
		HideSolutionNode = FALSE
	EndGlobalSection
	GlobalSection(ExtensibilityGlobals) = postSolution
		SolutionGuid = {0147EA9B-A2BD-4295-B682-F64FE86B8EBA}
	EndGlobalSection
EndGlobal
